
Microsoft Visual Studio Solution File, Format Version 12.00
# Visual Studio Version 16
VisualStudioVersion = 16.0.31205.134
MinimumVisualStudioVersion = 10.0.40219.1
Project("{8BC9CEB8-8B4A-11D0-8D11-00A0C91BC942}") = "Dxライブラリのテンプレート1", "Dxライブラリのテンプレート1.vcxproj", "{F1ACF38D-86BE-4D53-9BF2-34AAD041DCCB}"
EndProject
Global
	GlobalSection(SolutionConfigurationPlatforms) = preSolution
		Debug|x64 = Debug|x64
		Debug|x86 = Debug|x86
		Release|x64 = Release|x64
		Release|x86 = Release|x86
	EndGlobalSection
	GlobalSection(ProjectConfigurationPlatforms) = postSolution
		{F1ACF38D-86BE-4D53-9BF2-34AAD041DCCB}.Debug|x64.ActiveCfg = Debug|x64
		{F1ACF38D-86BE-4D53-9BF2-34AAD041DCCB}.Debug|x64.Build.0 = Debug|x64
		{F1ACF38D-86BE-4D53-9BF2-34AAD041DCCB}.Debug|x86.ActiveCfg = Debug|Win32
		{F1ACF38D-86BE-4D53-9BF2-34AAD041DCCB}.Debug|x86.Build.0 = Debug|Win32
		{F1ACF38D-86BE-4D53-9BF2-34AAD041DCCB}.Release|x64.ActiveCfg = Release|x64
		{F1ACF38D-86BE-4D53-9BF2-34AAD041DCCB}.Release|x64.Build.0 = Release|x64
		{F1ACF38D-86BE-4D53-9BF2-34AAD041DCCB}.Release|x86.ActiveCfg = Release|Win32
		{F1ACF38D-86BE-4D53-9BF2-34AAD041DCCB}.Release|x86.Build.0 = Release|Win32
	EndGlobalSection
	GlobalSection(SolutionProperties) = preSolution
		HideSolutionNode = FALSE
	EndGlobalSection
	GlobalSection(ExtensibilityGlobals) = postSolution
		SolutionGuid = {CB824A40-6F8F-4BC4-9270-A1DD1AF17425}
	EndGlobalSection
EndGlobal
